
Microsoft Visual Studio Solution File, Format Version 12.00
# Visual Studio 15
VisualStudioVersion = 15.0.27703.2018
MinimumVisualStudioVersion = 10.0.40219.1
Project("{FAE04EC0-301F-11D3-BF4B-00C04F79EFBC}") = "Moving picture", "Moving picture\Moving picture.csproj", "{B8624C81-13E1-4D5A-B250-C90B8A63089E}"
EndProject
Global
	GlobalSection(SolutionConfigurationPlatforms) = preSolution
		Debug|Any CPU = Debug|Any CPU
		Release|Any CPU = Release|Any CPU
	EndGlobalSection
	GlobalSection(ProjectConfigurationPlatforms) = postSolution
		{B8624C81-13E1-4D5A-B250-C90B8A63089E}.Debug|Any CPU.ActiveCfg = Debug|Any CPU
		{B8624C81-13E1-4D5A-B250-C90B8A63089E}.Debug|Any CPU.Build.0 = Debug|Any CPU
		{B8624C81-13E1-4D5A-B250-C90B8A63089E}.Release|Any CPU.ActiveCfg = Release|Any CPU
		{B8624C81-13E1-4D5A-B250-C90B8A63089E}.Release|Any CPU.Build.0 = Release|Any CPU
	EndGlobalSection
	GlobalSection(SolutionProperties) = preSolution
		HideSolutionNode = FALSE
	EndGlobalSection
	GlobalSection(ExtensibilityGlobals) = postSolution
		SolutionGuid = {41EFD1E4-50EB-4614-A8C3-0DB75D7C1B52}
	EndGlobalSection
EndGlobal
